PODS:
  - FLCommonLibrary (0.1.0)
  - Nimble (7.0.3)
  - Quick (1.2.0)

DEPENDENCIES:
  - FLCommonLibrary (from `../`)
  - Nimble (~> 7.0.2)
  - Quick (~> 1.2.0)

SPEC REPOS:
  https://github.com/cocoapods/specs.git:
    - Nimble
    - Quick

EXTERNAL SOURCES:
  FLCommonLibrary:
    :path: "../"

SPEC CHECKSUMS:
  FLCommonLibrary: 5540b0a57dd67a32ffa24caa73cf4332666a92c8
  Nimble: 7f5a9c447a33002645a071bddafbfb24ea70e0ac
  Quick: 58d203b1c5e27fff7229c4c1ae445ad7069a7a08

PODFILE CHECKSUM: 08bb6ae76341d0cccce8b32ec6590e95a2aee7dd

COCOAPODS: 1.5.3
